Microsoft Visual Studio Solution File, Format Version 12.00
# Visual Studio Version 17
VisualStudioVersion = 17.12.35527.113 d17.12
MinimumVisualStudioVersion = 10.0.40219.1
Project("{FAE04EC0-301F-11D3-BF4B-00C04F79EFBC}") = "GaleShapely", "GaleShapely\GaleShapely.csproj", "{58FEE191-EFEB-4934-B1FF-2182F7A4F758}"
EndProject
Project("{FAE04EC0-301F-11D3-BF4B-00C04F79EFBC}") = "GaleShapelyTest", "GaleShapelyTest\GaleShapelyTest.csproj", "{3DF34939-F190-4AFF-8B46-92B1BD54CF87}"
EndProject
Global
	GlobalSection(SolutionConfigurationPlatforms) = preSolution
		Debug|Any CPU = Debug|Any CPU
		Release|Any CPU = Release|Any CPU
	EndGlobalSection
	GlobalSection(ProjectConfigurationPlatforms) = postSolution
		{58FEE191-EFEB-4934-B1FF-2182F7A4F758}.Debug|Any CPU.ActiveCfg = Debug|Any CPU
		{58FEE191-EFEB-4934-B1FF-2182F7A4F758}.Debug|Any CPU.Build.0 = Debug|Any CPU
		{58FEE191-EFEB-4934-B1FF-2182F7A4F758}.Release|Any CPU.ActiveCfg = Release|Any CPU
		{58FEE191-EFEB-4934-B1FF-2182F7A4F758}.Release|Any CPU.Build.0 = Release|Any CPU
		{3DF34939-F190-4AFF-8B46-92B1BD54CF87}.Debug|Any CPU.ActiveCfg = Debug|Any CPU
		{3DF34939-F190-4AFF-8B46-92B1BD54CF87}.Debug|Any CPU.Build.0 = Debug|Any CPU
		{3DF34939-F190-4AFF-8B46-92B1BD54CF87}.Release|Any CPU.ActiveCfg = Release|Any CPU
		{3DF34939-F190-4AFF-8B46-92B1BD54CF87}.Release|Any CPU.Build.0 = Release|Any CPU
	EndGlobalSection
	GlobalSection(SolutionProperties) = preSolution
		HideSolutionNode = FALSE
	EndGlobalSection
	GlobalSection(ExtensibilityGlobals) = postSolution
		SolutionGuid = {4C66342D-6AD8-4BDF-A02F-AA21777ABD51}
	EndGlobalSection
EndGlobal
